<Solution>
  <Project Path="RazorPage/RazorPage.csproj" Id="c05870b7-a8de-46fe-b641-c4aab3bf9895">
    <Build Solution="Debug|*" Project="false" />
  </Project>
  <Project Path="BlazorApp/BlazorApp.csproj" Id="5de3cbec-5ae8-4b90-87ca-3fb5d0c6e498" />
  <Project Path="WebAPI/WebAPI.csproj" />
</Solution>
